
Microsoft Visual Studio Solution File, Format Version 12.00
# Visual Studio 14
VisualStudioVersion = 14.0.25420.1
MinimumVisualStudioVersion = 10.0.40219.1
Project("{2150E333-8FDC-42A3-9474-1A3956D46DE8}") = "src", "src", "{FC735611-843A-4BD5-9DFD-5BCA6B3C463C}"
EndProject
Project("{2150E333-8FDC-42A3-9474-1A3956D46DE8}") = "Solution Items", "Solution Items", "{8DD9ECCB-CEF6-409C-A359-4AC1627B54C1}"
	ProjectSection(SolutionItems) = preProject
		global.json = global.json
	EndProjectSection
EndProject
Project("{8BB2217D-0F2D-49D1-97BC-3654ED321F3B}") = "Structurizr.Tests", "src\Structurizr.Core.Tests\Structurizr.Tests.xproj", "{AE504CDF-E86B-41E1-A01B-2BECC30962CA}"
EndProject
Project("{8BB2217D-0F2D-49D1-97BC-3654ED321F3B}") = "Structurizr", "src\Structurizr\Structurizr.xproj", "{1F34573B-7098-4FC4-904D-2072D652A79F}"
EndProject
Global
	GlobalSection(SolutionConfigurationPlatforms) = preSolution
		Debug|Any CPU = Debug|Any CPU
		Release|Any CPU = Release|Any CPU
	EndGlobalSection
	GlobalSection(ProjectConfigurationPlatforms) = postSolution
		{AE504CDF-E86B-41E1-A01B-2BECC30962CA}.Debug|Any CPU.ActiveCfg = Debug|Any CPU
		{AE504CDF-E86B-41E1-A01B-2BECC30962CA}.Debug|Any CPU.Build.0 = Debug|Any CPU
		{AE504CDF-E86B-41E1-A01B-2BECC30962CA}.Release|Any CPU.ActiveCfg = Release|Any CPU
		{AE504CDF-E86B-41E1-A01B-2BECC30962CA}.Release|Any CPU.Build.0 = Release|Any CPU
		{1F34573B-7098-4FC4-904D-2072D652A79F}.Debug|Any CPU.ActiveCfg = Debug|Any CPU
		{1F34573B-7098-4FC4-904D-2072D652A79F}.Debug|Any CPU.Build.0 = Debug|Any CPU
		{1F34573B-7098-4FC4-904D-2072D652A79F}.Release|Any CPU.ActiveCfg = Release|Any CPU
		{1F34573B-7098-4FC4-904D-2072D652A79F}.Release|Any CPU.Build.0 = Release|Any CPU
	EndGlobalSection
	GlobalSection(SolutionProperties) = preSolution
		HideSolutionNode = FALSE
	EndGlobalSection
	GlobalSection(NestedProjects) = preSolution
		{AE504CDF-E86B-41E1-A01B-2BECC30962CA} = {FC735611-843A-4BD5-9DFD-5BCA6B3C463C}
		{1F34573B-7098-4FC4-904D-2072D652A79F} = {FC735611-843A-4BD5-9DFD-5BCA6B3C463C}
	EndGlobalSection
EndGlobal
